
Microsoft Visual Studio Solution File, Format Version 12.00
# Visual Studio Version 17
VisualStudioVersion = 17.3.32901.215
MinimumVisualStudioVersion = 10.0.40219.1
Project("{FAE04EC0-301F-11D3-BF4B-00C04F79EFBC}") = "Trabajon1", "Trabajon1\Trabajon1.csproj", "{5C59B750-80AB-4A42-8F49-882002C70327}"
EndProject
Global
	GlobalSection(SolutionConfigurationPlatforms) = preSolution
		Debug|Any CPU = Debug|Any CPU
		Release|Any CPU = Release|Any CPU
	EndGlobalSection
	GlobalSection(ProjectConfigurationPlatforms) = postSolution
		{5C59B750-80AB-4A42-8F49-882002C70327}.Debug|Any CPU.ActiveCfg = Debug|Any CPU
		{5C59B750-80AB-4A42-8F49-882002C70327}.Debug|Any CPU.Build.0 = Debug|Any CPU
		{5C59B750-80AB-4A42-8F49-882002C70327}.Release|Any CPU.ActiveCfg = Release|Any CPU
		{5C59B750-80AB-4A42-8F49-882002C70327}.Release|Any CPU.Build.0 = Release|Any CPU
	EndGlobalSection
	GlobalSection(SolutionProperties) = preSolution
		HideSolutionNode = FALSE
	EndGlobalSection
	GlobalSection(ExtensibilityGlobals) = postSolution
		SolutionGuid = {15E65331-A4B9-4B82-B935-8C36CBE1530D}
	EndGlobalSection
EndGlobal
