
Microsoft Visual Studio Solution File, Format Version 12.00
# Visual Studio Version 17
VisualStudioVersion = 17.3.32901.215
MinimumVisualStudioVersion = 10.0.40219.1
Project("{FAE04EC0-301F-11D3-BF4B-00C04F79EFBC}") = "trabajon3", "trabajon3\trabajon3.csproj", "{6C621B87-5AD2-4CC6-83E2-C1471F872D1E}"
EndProject
Global
	GlobalSection(SolutionConfigurationPlatforms) = preSolution
		Debug|Any CPU = Debug|Any CPU
		Release|Any CPU = Release|Any CPU
	EndGlobalSection
	GlobalSection(ProjectConfigurationPlatforms) = postSolution
		{6C621B87-5AD2-4CC6-83E2-C1471F872D1E}.Debug|Any CPU.ActiveCfg = Debug|Any CPU
		{6C621B87-5AD2-4CC6-83E2-C1471F872D1E}.Debug|Any CPU.Build.0 = Debug|Any CPU
		{6C621B87-5AD2-4CC6-83E2-C1471F872D1E}.Release|Any CPU.ActiveCfg = Release|Any CPU
		{6C621B87-5AD2-4CC6-83E2-C1471F872D1E}.Release|Any CPU.Build.0 = Release|Any CPU
	EndGlobalSection
	GlobalSection(SolutionProperties) = preSolution
		HideSolutionNode = FALSE
	EndGlobalSection
	GlobalSection(ExtensibilityGlobals) = postSolution
		SolutionGuid = {66241577-EEAB-4CF9-BD2B-3CFD18A325F3}
	EndGlobalSection
EndGlobal
