
Microsoft Visual Studio Solution File, Format Version 12.00
# Visual Studio 15
VisualStudioVersion = 15.0.33403.129
MinimumVisualStudioVersion = 10.0.40219.1
Project("{FAE04EC0-301F-11D3-BF4B-00C04F79EFBC}") = "trabajon1", "trabajon1\trabajon1.csproj", "{345B89A5-950B-4E37-82FC-1A01DB9B427F}"
EndProject
Global
	GlobalSection(SolutionConfigurationPlatforms) = preSolution
		Debug|Any CPU = Debug|Any CPU
		Release|Any CPU = Release|Any CPU
	EndGlobalSection
	GlobalSection(ProjectConfigurationPlatforms) = postSolution
		{345B89A5-950B-4E37-82FC-1A01DB9B427F}.Debug|Any CPU.ActiveCfg = Debug|Any CPU
		{345B89A5-950B-4E37-82FC-1A01DB9B427F}.Debug|Any CPU.Build.0 = Debug|Any CPU
		{345B89A5-950B-4E37-82FC-1A01DB9B427F}.Release|Any CPU.ActiveCfg = Release|Any CPU
		{345B89A5-950B-4E37-82FC-1A01DB9B427F}.Release|Any CPU.Build.0 = Release|Any CPU
	EndGlobalSection
	GlobalSection(SolutionProperties) = preSolution
		HideSolutionNode = FALSE
	EndGlobalSection
	GlobalSection(ExtensibilityGlobals) = postSolution
		SolutionGuid = {C420F050-1980-4615-B6F6-58144876A38F}
	EndGlobalSection
EndGlobal
