
Microsoft Visual Studio Solution File, Format Version 12.00
# Visual Studio Version 17
VisualStudioVersion = 17.3.32901.215
MinimumVisualStudioVersion = 10.0.40219.1
Project("{FAE04EC0-301F-11D3-BF4B-00C04F79EFBC}") = "trabajon3", "trabajon3\trabajon3.csproj", "{37159796-5906-4B7C-9013-D03004D1ABFA}"
EndProject
Global
	GlobalSection(SolutionConfigurationPlatforms) = preSolution
		Debug|Any CPU = Debug|Any CPU
		Release|Any CPU = Release|Any CPU
	EndGlobalSection
	GlobalSection(ProjectConfigurationPlatforms) = postSolution
		{37159796-5906-4B7C-9013-D03004D1ABFA}.Debug|Any CPU.ActiveCfg = Debug|Any CPU
		{37159796-5906-4B7C-9013-D03004D1ABFA}.Debug|Any CPU.Build.0 = Debug|Any CPU
		{37159796-5906-4B7C-9013-D03004D1ABFA}.Release|Any CPU.ActiveCfg = Release|Any CPU
		{37159796-5906-4B7C-9013-D03004D1ABFA}.Release|Any CPU.Build.0 = Release|Any CPU
	EndGlobalSection
	GlobalSection(SolutionProperties) = preSolution
		HideSolutionNode = FALSE
	EndGlobalSection
	GlobalSection(ExtensibilityGlobals) = postSolution
		SolutionGuid = {BD5B756D-4763-45CB-A15B-3CF033E8234E}
	EndGlobalSection
EndGlobal
