
Microsoft Visual Studio Solution File, Format Version 12.00
# Visual Studio Version 17
VisualStudioVersion = 17.3.32901.215
MinimumVisualStudioVersion = 10.0.40219.1
Project("{FAE04EC0-301F-11D3-BF4B-00C04F79EFBC}") = "trabajon2", "trabajon2\trabajon2.csproj", "{9DDC226E-5170-47BF-A3A4-9068F47A97A4}"
EndProject
Global
	GlobalSection(SolutionConfigurationPlatforms) = preSolution
		Debug|Any CPU = Debug|Any CPU
		Release|Any CPU = Release|Any CPU
	EndGlobalSection
	GlobalSection(ProjectConfigurationPlatforms) = postSolution
		{9DDC226E-5170-47BF-A3A4-9068F47A97A4}.Debug|Any CPU.ActiveCfg = Debug|Any CPU
		{9DDC226E-5170-47BF-A3A4-9068F47A97A4}.Debug|Any CPU.Build.0 = Debug|Any CPU
		{9DDC226E-5170-47BF-A3A4-9068F47A97A4}.Release|Any CPU.ActiveCfg = Release|Any CPU
		{9DDC226E-5170-47BF-A3A4-9068F47A97A4}.Release|Any CPU.Build.0 = Release|Any CPU
	EndGlobalSection
	GlobalSection(SolutionProperties) = preSolution
		HideSolutionNode = FALSE
	EndGlobalSection
	GlobalSection(ExtensibilityGlobals) = postSolution
		SolutionGuid = {B7D11265-A1CE-4D8D-BF97-0926611FEC92}
	EndGlobalSection
EndGlobal
