
Microsoft Visual Studio Solution File, Format Version 12.00
# Visual Studio Version 17
VisualStudioVersion = 17.3.32901.215
MinimumVisualStudioVersion = 10.0.40219.1
Project("{FAE04EC0-301F-11D3-BF4B-00C04F79EFBC}") = "trabajon4", "trabajon4\trabajon4.csproj", "{DA093E3E-FD4B-40DF-B933-A7F5901860EC}"
EndProject
Global
	GlobalSection(SolutionConfigurationPlatforms) = preSolution
		Debug|Any CPU = Debug|Any CPU
		Release|Any CPU = Release|Any CPU
	EndGlobalSection
	GlobalSection(ProjectConfigurationPlatforms) = postSolution
		{DA093E3E-FD4B-40DF-B933-A7F5901860EC}.Debug|Any CPU.ActiveCfg = Debug|Any CPU
		{DA093E3E-FD4B-40DF-B933-A7F5901860EC}.Debug|Any CPU.Build.0 = Debug|Any CPU
		{DA093E3E-FD4B-40DF-B933-A7F5901860EC}.Release|Any CPU.ActiveCfg = Release|Any CPU
		{DA093E3E-FD4B-40DF-B933-A7F5901860EC}.Release|Any CPU.Build.0 = Release|Any CPU
	EndGlobalSection
	GlobalSection(SolutionProperties) = preSolution
		HideSolutionNode = FALSE
	EndGlobalSection
	GlobalSection(ExtensibilityGlobals) = postSolution
		SolutionGuid = {053DCF59-00C0-4061-B20D-F8EE63C05B98}
	EndGlobalSection
EndGlobal
