
Microsoft Visual Studio Solution File, Format Version 12.00
# Visual Studio Version 17
VisualStudioVersion = 17.3.32901.215
MinimumVisualStudioVersion = 10.0.40219.1
Project("{FAE04EC0-301F-11D3-BF4B-00C04F79EFBC}") = "trabajon6", "trabajon6\trabajon6.csproj", "{F6B4E17A-A4F9-43D8-B72D-B800474E420F}"
EndProject
Global
	GlobalSection(SolutionConfigurationPlatforms) = preSolution
		Debug|Any CPU = Debug|Any CPU
		Release|Any CPU = Release|Any CPU
	EndGlobalSection
	GlobalSection(ProjectConfigurationPlatforms) = postSolution
		{F6B4E17A-A4F9-43D8-B72D-B800474E420F}.Debug|Any CPU.ActiveCfg = Debug|Any CPU
		{F6B4E17A-A4F9-43D8-B72D-B800474E420F}.Debug|Any CPU.Build.0 = Debug|Any CPU
		{F6B4E17A-A4F9-43D8-B72D-B800474E420F}.Release|Any CPU.ActiveCfg = Release|Any CPU
		{F6B4E17A-A4F9-43D8-B72D-B800474E420F}.Release|Any CPU.Build.0 = Release|Any CPU
	EndGlobalSection
	GlobalSection(SolutionProperties) = preSolution
		HideSolutionNode = FALSE
	EndGlobalSection
	GlobalSection(ExtensibilityGlobals) = postSolution
		SolutionGuid = {AD3307D3-1676-40FB-ADB3-E9479378E29A}
	EndGlobalSection
EndGlobal
