
Microsoft Visual Studio Solution File, Format Version 12.00
# Visual Studio Version 17
VisualStudioVersion = 17.3.32901.215
MinimumVisualStudioVersion = 10.0.40219.1
Project("{FAE04EC0-301F-11D3-BF4B-00C04F79EFBC}") = "trabajon1", "trabajon1\trabajon1.csproj", "{CA892020-631C-409B-BB22-6591E7B61A13}"
EndProject
Global
	GlobalSection(SolutionConfigurationPlatforms) = preSolution
		Debug|Any CPU = Debug|Any CPU
		Release|Any CPU = Release|Any CPU
	EndGlobalSection
	GlobalSection(ProjectConfigurationPlatforms) = postSolution
		{CA892020-631C-409B-BB22-6591E7B61A13}.Debug|Any CPU.ActiveCfg = Debug|Any CPU
		{CA892020-631C-409B-BB22-6591E7B61A13}.Debug|Any CPU.Build.0 = Debug|Any CPU
		{CA892020-631C-409B-BB22-6591E7B61A13}.Release|Any CPU.ActiveCfg = Release|Any CPU
		{CA892020-631C-409B-BB22-6591E7B61A13}.Release|Any CPU.Build.0 = Release|Any CPU
	EndGlobalSection
	GlobalSection(SolutionProperties) = preSolution
		HideSolutionNode = FALSE
	EndGlobalSection
	GlobalSection(ExtensibilityGlobals) = postSolution
		SolutionGuid = {EDD85C1B-BE2C-401B-92D4-6CE3BFE56172}
	EndGlobalSection
EndGlobal
