
Microsoft Visual Studio Solution File, Format Version 12.00
# Visual Studio 15
VisualStudioVersion = 15.0.33403.129
MinimumVisualStudioVersion = 10.0.40219.1
Project("{FAE04EC0-301F-11D3-BF4B-00C04F79EFBC}") = "trabajon4", "trabajon4\trabajon4.csproj", "{BEADDCA8-C441-4D17-B3B7-A5404C977756}"
EndProject
Global
	GlobalSection(SolutionConfigurationPlatforms) = preSolution
		Debug|Any CPU = Debug|Any CPU
		Release|Any CPU = Release|Any CPU
	EndGlobalSection
	GlobalSection(ProjectConfigurationPlatforms) = postSolution
		{BEADDCA8-C441-4D17-B3B7-A5404C977756}.Debug|Any CPU.ActiveCfg = Debug|Any CPU
		{BEADDCA8-C441-4D17-B3B7-A5404C977756}.Debug|Any CPU.Build.0 = Debug|Any CPU
		{BEADDCA8-C441-4D17-B3B7-A5404C977756}.Release|Any CPU.ActiveCfg = Release|Any CPU
		{BEADDCA8-C441-4D17-B3B7-A5404C977756}.Release|Any CPU.Build.0 = Release|Any CPU
	EndGlobalSection
	GlobalSection(SolutionProperties) = preSolution
		HideSolutionNode = FALSE
	EndGlobalSection
	GlobalSection(ExtensibilityGlobals) = postSolution
		SolutionGuid = {5D9FE450-A421-42FA-9715-6C5D114D05DA}
	EndGlobalSection
EndGlobal
